{
  "name": "@whiteslove/parsing-lexicon",
  "version": "0.9.3",
  "lockfileVersion": 3,
  "requires": true,
  "packages": {
    "": {
      "name": "@whiteslove/parsing-lexicon",
      "version": "0.9.3",
      "license": "MIT",
      "dependencies": {
        "libphonenumber-js": "^1.11.20",
        "pako": "2.1.0"
      },
      "engines": {
        "node": ">=20"
      }
    },
    "node_modules/libphonenumber-js": {
      "version": "1.13.12",
      "resolved": "https://registry.npmjs.org/libphonenumber-js/-/libphonenumber-js-1.13.12.tgz",
      "integrity": "sha512-uLVeV1c9OTk6qkdqnj+mpMD+ZdnZ0szVyWu58HwMmpwkHA1gCEkyjd3veZQXDnuw9KEwSRjcc9B1pS9XKIN1fA==",
      "license": "MIT"
    },
    "node_modules/pako": {
      "version": "2.1.0",
      "resolved": "https://registry.npmjs.org/pako/-/pako-2.1.0.tgz",
      "integrity": "sha512-w+eufiZ1WuJYgPXbV/PO3NCMEc3xqylkKHzp8bxp1uW4qaSNQUkwmLLEc3kKsfz8lpV1F8Ht3U1Cm+9Srog2ug==",
      "license": "(MIT AND Zlib)"
    }
  }
}
